
Microsoft Visual Studio Solution File, Format Version 12.00
# Visual Studio Version 16
VisualStudioVersion = 16.0.30621.155
MinimumVisualStudioVersion = 10.0.40219.1
Project("{FAE04EC0-301F-11D3-BF4B-00C04F79EFBC}") = "EntityMarket2", "EntityMarket2\EntityMarket2.csproj", "{9CE338DF-0271-4299-A48E-60CA73A137ED}"
EndProject
Global
	GlobalSection(SolutionConfigurationPlatforms) = preSolution
		Debug|Any CPU = Debug|Any CPU
		Release|Any CPU = Release|Any CPU
	EndGlobalSection
	GlobalSection(ProjectConfigurationPlatforms) = postSolution
		{9CE338DF-0271-4299-A48E-60CA73A137ED}.Debug|Any CPU.ActiveCfg = Debug|Any CPU
		{9CE338DF-0271-4299-A48E-60CA73A137ED}.Debug|Any CPU.Build.0 = Debug|Any CPU
		{9CE338DF-0271-4299-A48E-60CA73A137ED}.Release|Any CPU.ActiveCfg = Release|Any CPU
		{9CE338DF-0271-4299-A48E-60CA73A137ED}.Release|Any CPU.Build.0 = Release|Any CPU
	EndGlobalSection
	GlobalSection(SolutionProperties) = preSolution
		HideSolutionNode = FALSE
	EndGlobalSection
	GlobalSection(ExtensibilityGlobals) = postSolution
		SolutionGuid = {D272F676-6954-42DA-95EE-C4D9A986D08A}
	EndGlobalSection
EndGlobal
